PODS:
  - BoringSSL (10.0.6):
    - BoringSSL/Implementation (= 10.0.6)
    - BoringSSL/Interface (= 10.0.6)
  - BoringSSL/Implementation (10.0.6):
    - BoringSSL/Interface (= 10.0.6)
  - BoringSSL/Interface (10.0.6)
  - FirebaseAuthInterop (1.0.0)
  - FirebaseCore (5.1.0):
    - GoogleUtilities/Logger (~> 5.2)
  - FirebaseFirestore (0.13.0):
    - FirebaseAuthInterop (~> 1.0)
    - FirebaseCore (~> 5.0)
    - FirebaseFirestore/abseil-cpp (= 0.13.0)
    - gRPC-ProtoRPC (~> 1.0)
    - leveldb-library (~> 1.18)
    - nanopb (~> 0.3.8)
    - Protobuf (~> 3.1)
  - FirebaseFirestore/abseil-cpp (0.13.0):
    - FirebaseAuthInterop (~> 1.0)
    - FirebaseCore (~> 5.0)
    - gRPC-ProtoRPC (~> 1.0)
    - leveldb-library (~> 1.18)
    - nanopb (~> 0.3.8)
    - Protobuf (~> 3.1)
  - GoogleUtilities/Environment (5.2.1)
  - GoogleUtilities/Logger (5.2.1):
    - GoogleUtilities/Environment
  - gRPC (1.14.0):
    - gRPC-RxLibrary (= 1.14.0)
    - gRPC/Main (= 1.14.0)
  - gRPC-Core (1.14.0):
    - gRPC-Core/Implementation (= 1.14.0)
    - gRPC-Core/Interface (= 1.14.0)
  - gRPC-Core/Implementation (1.14.0):
    - BoringSSL (~> 10.0)
    - gRPC-Core/Interface (= 1.14.0)
    - nanopb (~> 0.3)
  - gRPC-Core/Interface (1.14.0)
  - gRPC-ProtoRPC (1.14.0):
    - gRPC-ProtoRPC/Main (= 1.14.0)
  - gRPC-ProtoRPC/Main (1.14.0):
    - gRPC (= 1.14.0)
    - gRPC-RxLibrary (= 1.14.0)
    - Protobuf (~> 3.0)
  - gRPC-RxLibrary (1.14.0)
  - gRPC/Main (1.14.0):
    - gRPC-Core (= 1.14.0)
    - gRPC-RxLibrary (= 1.14.0)
  - leveldb-library (1.20)
  - nanopb (0.3.8):
    - nanopb/decode (= 0.3.8)
    - nanopb/encode (= 0.3.8)
  - nanopb/decode (0.3.8)
  - nanopb/encode (0.3.8)
  - Protobuf (3.6.0)

DEPENDENCIES:
  - FirebaseCore
  - FirebaseFirestore

SPEC REPOS:
  https://github.com/cocoapods/specs.git:
    - BoringSSL
    - FirebaseAuthInterop
    - FirebaseCore
    - FirebaseFirestore
    - GoogleUtilities
    - gRPC
    - gRPC-Core
    - gRPC-ProtoRPC
    - gRPC-RxLibrary
    - leveldb-library
    - nanopb
    - Protobuf

SPEC CHECKSUMS:
  BoringSSL: e10f92a27043805c01071fe815a5cd98ae8212e7
  FirebaseAuthInterop: 0ffa57668be100582bb7643d4fcb7615496c41fc
  FirebaseCore: ee4b35cf8c8e781da296cc7c15125e4608bb954d
  FirebaseFirestore: 0a6e4b9256ae39ed41258aa46213975c93908a74
  GoogleUtilities: 8d9fa00248c475b606fd20b562242060a20117a2
  gRPC: 9d4c549f37c7cef22478634bac7a0405b6e3dbfb
  gRPC-Core: f4836515817c0eb479aeeb9cc27c91c4ba62a9f6
  gRPC-ProtoRPC: 76f6053639a842e1fb45fa82aa598bf3f4d9f66f
  gRPC-RxLibrary: 3c305f32155024b116b780f389323c73a28197e6
  leveldb-library: 08cba283675b7ed2d99629a4bc5fd052cd2bb6a5
  nanopb: 5601e6bca2dbf1ed831b519092ec110f66982ca3
  Protobuf: 0fc0ad8bec688b2a3017a139953e01374fedbd5f

PODFILE CHECKSUM: f58b3a65e0fcc091d7c85212f4f06366233f4ebd

COCOAPODS: 1.5.3
